
Microsoft Visual Studio Solution File, Format Version 12.00
# Visual Studio Version 17
VisualStudioVersion = 17.0.31903.59
MinimumVisualStudioVersion = 10.0.40219.1
Project("{FAE04EC0-301F-11D3-BF4B-00C04F79EFBC}") = "Dreamer.Application", "src\Application\Dreamer.Application\Dreamer.Application.csproj", "{5FA03367-EF62-4E90-A31C-EDE2C508BE2F}"
EndProject
Project("{FAE04EC0-301F-11D3-BF4B-00C04F79EFBC}") = "Dreamer.Domain", "src\Domain\Dreamer.Domain\Dreamer.Domain.csproj", "{C5909051-2B5D-4C4C-8285-9E19348C49FA}"
EndProject
Project("{FAE04EC0-301F-11D3-BF4B-00C04F79EFBC}") = "Dreamer.Presentation.Api", "src\Presentation\Dreamer.Presentation.Api\Dreamer.Presentation.Api.csproj", "{E7FC00F0-0DB6-4FF9-B005-B0DDD31C53FE}"
EndProject
Project("{2150E333-8FDC-42A3-9474-1A3956D46DE8}") = "tests", "tests", "{C65341E6-A3A0-4B99-BE09-9B21EAF16328}"
EndProject
Project("{2150E333-8FDC-42A3-9474-1A3956D46DE8}") = "src", "src", "{C57491E1-5373-4722-9ECB-F6EBFA33D1D5}"
EndProject
Project("{2150E333-8FDC-42A3-9474-1A3956D46DE8}") = "Application", "Application", "{2115BB69-88C6-4C26-B640-E48691835DD6}"
EndProject
Project("{2150E333-8FDC-42A3-9474-1A3956D46DE8}") = "Domain", "Domain", "{F7D3E69A-7AD5-47E4-9920-B516413E523C}"
EndProject
Project("{2150E333-8FDC-42A3-9474-1A3956D46DE8}") = "Infrastructure", "Infrastructure", "{7800661C-2F54-4ED3-A3CB-C4034EF65296}"
EndProject
Project("{2150E333-8FDC-42A3-9474-1A3956D46DE8}") = "Presentation", "Presentation", "{0EAA9DD3-D275-4E70-96FD-B4B5AB5CC024}"
EndProject
Project("{2150E333-8FDC-42A3-9474-1A3956D46DE8}") = "SolutionFiles", "SolutionFiles", "{0B66612B-FD4E-4731-9EDC-3DE75111C476}"
	ProjectSection(SolutionItems) = preProject
		.gitignore = .gitignore
		README.md = README.md
	EndProjectSection
EndProject
Project("{FAE04EC0-301F-11D3-BF4B-00C04F79EFBC}") = "Dreamer.Test.Behavioral", "tests\Dreamer.Test.Behavioral\Dreamer.Test.Behavioral.csproj", "{32D5BD42-62F4-4E84-8B7C-13D7E13E5F06}"
EndProject
Project("{FAE04EC0-301F-11D3-BF4B-00C04F79EFBC}") = "Dreamer.Presentation.WebApp", "src\Presentation\Dreamer.Presentation.WebApp\Dreamer.Presentation.WebApp.csproj", "{92E60AC6-27C2-4741-BDAB-98DBBD0191A9}"
EndProject
Project("{FAE04EC0-301F-11D3-BF4B-00C04F79EFBC}") = "Dreamer.Test.Integration", "tests\Dreamer.Test.Integration\Dreamer.Test.Integration.csproj", "{718A238D-CE89-4425-9341-B914784CC22B}"
EndProject
Project("{FAE04EC0-301F-11D3-BF4B-00C04F79EFBC}") = "Dreamer.Test.Unit", "tests\Dreamer.Test.Unit\Dreamer.Test.Unit.csproj", "{E12A2EB1-156B-4467-9AB2-2879F9C6985F}"
EndProject
Project("{FAE04EC0-301F-11D3-BF4B-00C04F79EFBC}") = "Dreamer.Infrastructure", "src\Infrastructure\Dreamer.Infrastructure\Dreamer.Infrastructure.csproj", "{663FAD67-87CD-4765-BB83-64FEF5B80CFB}"
EndProject
Project("{2150E333-8FDC-42A3-9474-1A3956D46DE8}") = "Persistence", "Persistence", "{BF6E637D-B033-424F-A629-078EAE97D018}"
EndProject
Project("{FAE04EC0-301F-11D3-BF4B-00C04F79EFBC}") = "Dreamer.Persistence", "src\Persistence\Dreamer.Persistence\Dreamer.Persistence.csproj", "{1945CFDD-291E-47FA-9ACB-892ECF59317C}"
EndProject
Global
	GlobalSection(SolutionConfigurationPlatforms) = preSolution
		Debug|Any CPU = Debug|Any CPU
		Release|Any CPU = Release|Any CPU
	EndGlobalSection
	GlobalSection(SolutionProperties) = preSolution
		HideSolutionNode = FALSE
	EndGlobalSection
	GlobalSection(ProjectConfigurationPlatforms) = postSolution
		{5FA03367-EF62-4E90-A31C-EDE2C508BE2F}.Debug|Any CPU.ActiveCfg = Debug|Any CPU
		{5FA03367-EF62-4E90-A31C-EDE2C508BE2F}.Debug|Any CPU.Build.0 = Debug|Any CPU
		{5FA03367-EF62-4E90-A31C-EDE2C508BE2F}.Release|Any CPU.ActiveCfg = Release|Any CPU
		{5FA03367-EF62-4E90-A31C-EDE2C508BE2F}.Release|Any CPU.Build.0 = Release|Any CPU
		{C5909051-2B5D-4C4C-8285-9E19348C49FA}.Debug|Any CPU.ActiveCfg = Debug|Any CPU
		{C5909051-2B5D-4C4C-8285-9E19348C49FA}.Debug|Any CPU.Build.0 = Debug|Any CPU
		{C5909051-2B5D-4C4C-8285-9E19348C49FA}.Release|Any CPU.ActiveCfg = Release|Any CPU
		{C5909051-2B5D-4C4C-8285-9E19348C49FA}.Release|Any CPU.Build.0 = Release|Any CPU
		{E7FC00F0-0DB6-4FF9-B005-B0DDD31C53FE}.Debug|Any CPU.ActiveCfg = Debug|Any CPU
		{E7FC00F0-0DB6-4FF9-B005-B0DDD31C53FE}.Debug|Any CPU.Build.0 = Debug|Any CPU
		{E7FC00F0-0DB6-4FF9-B005-B0DDD31C53FE}.Release|Any CPU.ActiveCfg = Release|Any CPU
		{E7FC00F0-0DB6-4FF9-B005-B0DDD31C53FE}.Release|Any CPU.Build.0 = Release|Any CPU
		{32D5BD42-62F4-4E84-8B7C-13D7E13E5F06}.Debug|Any CPU.ActiveCfg = Debug|Any CPU
		{32D5BD42-62F4-4E84-8B7C-13D7E13E5F06}.Debug|Any CPU.Build.0 = Debug|Any CPU
		{32D5BD42-62F4-4E84-8B7C-13D7E13E5F06}.Release|Any CPU.ActiveCfg = Release|Any CPU
		{32D5BD42-62F4-4E84-8B7C-13D7E13E5F06}.Release|Any CPU.Build.0 = Release|Any CPU
		{92E60AC6-27C2-4741-BDAB-98DBBD0191A9}.Debug|Any CPU.ActiveCfg = Debug|Any CPU
		{92E60AC6-27C2-4741-BDAB-98DBBD0191A9}.Debug|Any CPU.Build.0 = Debug|Any CPU
		{92E60AC6-27C2-4741-BDAB-98DBBD0191A9}.Release|Any CPU.ActiveCfg = Release|Any CPU
		{92E60AC6-27C2-4741-BDAB-98DBBD0191A9}.Release|Any CPU.Build.0 = Release|Any CPU
		{718A238D-CE89-4425-9341-B914784CC22B}.Debug|Any CPU.ActiveCfg = Debug|Any CPU
		{718A238D-CE89-4425-9341-B914784CC22B}.Debug|Any CPU.Build.0 = Debug|Any CPU
		{718A238D-CE89-4425-9341-B914784CC22B}.Release|Any CPU.ActiveCfg = Release|Any CPU
		{718A238D-CE89-4425-9341-B914784CC22B}.Release|Any CPU.Build.0 = Release|Any CPU
		{E12A2EB1-156B-4467-9AB2-2879F9C6985F}.Debug|Any CPU.ActiveCfg = Debug|Any CPU
		{E12A2EB1-156B-4467-9AB2-2879F9C6985F}.Debug|Any CPU.Build.0 = Debug|Any CPU
		{E12A2EB1-156B-4467-9AB2-2879F9C6985F}.Release|Any CPU.ActiveCfg = Release|Any CPU
		{E12A2EB1-156B-4467-9AB2-2879F9C6985F}.Release|Any CPU.Build.0 = Release|Any CPU
		{663FAD67-87CD-4765-BB83-64FEF5B80CFB}.Debug|Any CPU.ActiveCfg = Debug|Any CPU
		{663FAD67-87CD-4765-BB83-64FEF5B80CFB}.Debug|Any CPU.Build.0 = Debug|Any CPU
		{663FAD67-87CD-4765-BB83-64FEF5B80CFB}.Release|Any CPU.ActiveCfg = Release|Any CPU
		{663FAD67-87CD-4765-BB83-64FEF5B80CFB}.Release|Any CPU.Build.0 = Release|Any CPU
		{1945CFDD-291E-47FA-9ACB-892ECF59317C}.Debug|Any CPU.ActiveCfg = Debug|Any CPU
		{1945CFDD-291E-47FA-9ACB-892ECF59317C}.Debug|Any CPU.Build.0 = Debug|Any CPU
		{1945CFDD-291E-47FA-9ACB-892ECF59317C}.Release|Any CPU.ActiveCfg = Release|Any CPU
		{1945CFDD-291E-47FA-9ACB-892ECF59317C}.Release|Any CPU.Build.0 = Release|Any CPU
	EndGlobalSection
	GlobalSection(NestedProjects) = preSolution
		{2115BB69-88C6-4C26-B640-E48691835DD6} = {C57491E1-5373-4722-9ECB-F6EBFA33D1D5}
		{F7D3E69A-7AD5-47E4-9920-B516413E523C} = {C57491E1-5373-4722-9ECB-F6EBFA33D1D5}
		{7800661C-2F54-4ED3-A3CB-C4034EF65296} = {C57491E1-5373-4722-9ECB-F6EBFA33D1D5}
		{0EAA9DD3-D275-4E70-96FD-B4B5AB5CC024} = {C57491E1-5373-4722-9ECB-F6EBFA33D1D5}
		{E7FC00F0-0DB6-4FF9-B005-B0DDD31C53FE} = {0EAA9DD3-D275-4E70-96FD-B4B5AB5CC024}
		{C5909051-2B5D-4C4C-8285-9E19348C49FA} = {F7D3E69A-7AD5-47E4-9920-B516413E523C}
		{5FA03367-EF62-4E90-A31C-EDE2C508BE2F} = {2115BB69-88C6-4C26-B640-E48691835DD6}
		{32D5BD42-62F4-4E84-8B7C-13D7E13E5F06} = {C65341E6-A3A0-4B99-BE09-9B21EAF16328}
		{92E60AC6-27C2-4741-BDAB-98DBBD0191A9} = {0EAA9DD3-D275-4E70-96FD-B4B5AB5CC024}
		{718A238D-CE89-4425-9341-B914784CC22B} = {C65341E6-A3A0-4B99-BE09-9B21EAF16328}
		{E12A2EB1-156B-4467-9AB2-2879F9C6985F} = {C65341E6-A3A0-4B99-BE09-9B21EAF16328}
		{663FAD67-87CD-4765-BB83-64FEF5B80CFB} = {7800661C-2F54-4ED3-A3CB-C4034EF65296}
		{BF6E637D-B033-424F-A629-078EAE97D018} = {C57491E1-5373-4722-9ECB-F6EBFA33D1D5}
		{1945CFDD-291E-47FA-9ACB-892ECF59317C} = {BF6E637D-B033-424F-A629-078EAE97D018}
	EndGlobalSection
EndGlobal
